// !$*UTF8*$!
{
	archiveVersion = 1;
	classes = {
	};
	objectVersion = 77;
	objects = {

/* Begin PBXBuildFile section */
		1906B1DA2F1FE6E70041EEEA /* Alamofire in Frameworks */ = {isa = PBXBuildFile; productRef = 1906B1D92F1FE6E70041EEEA /* Alamofire */; };
		193C7C472F1DD5AD00B1D004 /* README.md in Resources */ = {isa = PBXBuildFile; fileRef = 193C7C462F1DD5AD00B1D004 /* README.md */; };
		19EE35802F1D44A400C77390 /* Infy in Frameworks */ = {isa = PBXBuildFile; productRef = 19EE357F2F1D44A400C77390 /* Infy */; };
		19EE35832F1D44B000C77390 /* Llmx in Frameworks */ = {isa = PBXBuildFile; productRef = 19EE35822F1D44B000C77390 /* Llmx */; };
		19EE35862F1D44BB00C77390 /* RTex in Frameworks */ = {isa = PBXBuildFile; productRef = 19EE35852F1D44BB00C77390 /* RTex */; };
		19EE35892F1D463C00C77390 /* HotKey in Frameworks */ = {isa = PBXBuildFile; productRef = 19EE35882F1D463C00C77390 /* HotKey */; };
/* End PBXBuildFile section */

/* Begin PBXContainerItemProxy section */
		19EE33622F1D43EE00C77390 /* PBXContainerItemProxy */ = {
			isa = PBXContainerItemProxy;
			containerPortal = 19EE334A2F1D43EB00C77390 /* Project object */;
			proxyType = 1;
			remoteGlobalIDString = 19EE33512F1D43EB00C77390;
			remoteInfo = xPoie;
		};
		19EE336C2F1D43EE00C77390 /* PBXContainerItemProxy */ = {
			isa = PBXContainerItemProxy;
			containerPortal = 19EE334A2F1D43EB00C77390 /* Project object */;
			proxyType = 1;
			remoteGlobalIDString = 19EE33512F1D43EB00C77390;
			remoteInfo = xPoie;
		};
/* End PBXContainerItemProxy section */

/* Begin PBXFileReference section */
		193C7C462F1DD5AD00B1D004 /* README.md */ = {isa = PBXFileReference; lastKnownFileType = net.daringfireball.markdown; path = README.md; sourceTree = "<group>"; };
		19EE33522F1D43EB00C77390 /* xPoie.app */ = {isa = PBXFileReference; explicitFileType = wrapper.application; includeInIndex = 0; path = xPoie.app; sourceTree = BUILT_PRODUCTS_DIR; };
		19EE33612F1D43EE00C77390 /* xPoieTests.xctest */ = {isa = PBXFileReference; explicitFileType = wrapper.cfbundle; includeInIndex = 0; path = xPoieTests.xctest; sourceTree = BUILT_PRODUCTS_DIR; };
		19EE336B2F1D43EE00C77390 /* xPoieUITests.xctest */ = {isa = PBXFileReference; explicitFileType = wrapper.cfbundle; includeInIndex = 0; path = xPoieUITests.xctest; sourceTree = BUILT_PRODUCTS_DIR; };
/* End PBXFileReference section */

/* Begin PBXFileSystemSynchronizedRootGroup section */
		19EE33542F1D43EB00C77390 /* xPoie */ = {
			isa = PBXFileSystemSynchronizedRootGroup;
			path = xPoie;
			sourceTree = "<group>";
		};
		19EE33642F1D43EE00C77390 /* xPoieTests */ = {
			isa = PBXFileSystemSynchronizedRootGroup;
			path = xPoieTests;
			sourceTree = "<group>";
		};
		19EE336E2F1D43EE00C77390 /* xPoieUITests */ = {
			isa = PBXFileSystemSynchronizedRootGroup;
			path = xPoieUITests;
			sourceTree = "<group>";
		};
/* End PBXFileSystemSynchronizedRootGroup section */

/* Begin PBXFrameworksBuildPhase section */
		19EE334F2F1D43EB00C77390 /* Frameworks */ = {
			isa = PBXFrameworksBuildPhase;
			buildActionMask = 2147483647;
			files = (
				1906B1DA2F1FE6E70041EEEA /* Alamofire in Frameworks */,
				19EE35862F1D44BB00C77390 /* RTex in Frameworks */,
				19EE35802F1D44A400C77390 /* Infy in Frameworks */,
				19EE35892F1D463C00C77390 /* HotKey in Frameworks */,
				19EE35832F1D44B000C77390 /* Llmx in Frameworks */,
			);
			runOnlyForDeploymentPostprocessing = 0;
		};
		19EE335E2F1D43EE00C77390 /* Frameworks */ = {
			isa = PBXFrameworksBuildPhase;
			buildActionMask = 2147483647;
			files = (
			);
			runOnlyForDeploymentPostprocessing = 0;
		};
		19EE33682F1D43EE00C77390 /* Frameworks */ = {
			isa = PBXFrameworksBuildPhase;
			buildActionMask = 2147483647;
			files = (
			);
			runOnlyForDeploymentPostprocessing = 0;
		};
/* End PBXFrameworksBuildPhase section */

/* Begin PBXGroup section */
		19EE33492F1D43EB00C77390 = {
			isa = PBXGroup;
			children = (
				193C7C462F1DD5AD00B1D004 /* README.md */,
				19EE33542F1D43EB00C77390 /* xPoie */,
				19EE33642F1D43EE00C77390 /* xPoieTests */,
				19EE336E2F1D43EE00C77390 /* xPoieUITests */,
				19EE33532F1D43EB00C77390 /* Products */,
			);
			sourceTree = "<group>";
		};
		19EE33532F1D43EB00C77390 /* Products */ = {
			isa = PBXGroup;
			children = (
				19EE33522F1D43EB00C77390 /* xPoie.app */,
				19EE33612F1D43EE00C77390 /* xPoieTests.xctest */,
				19EE336B2F1D43EE00C77390 /* xPoieUITests.xctest */,
			);
			name = Products;
			sourceTree = "<group>";
		};
/* End PBXGroup section */

/* Begin PBXNativeTarget section */
		19EE33512F1D43EB00C77390 /* xPoie */ = {
			isa = PBXNativeTarget;
			buildConfigurationList = 19EE33752F1D43EE00C77390 /* Build configuration list for PBXNativeTarget "xPoie" */;
			buildPhases = (
				19EE334E2F1D43EB00C77390 /* Sources */,
				19EE334F2F1D43EB00C77390 /* Frameworks */,
				19EE33502F1D43EB00C77390 /* Resources */,
			);
			buildRules = (
			);
			dependencies = (
			);
			fileSystemSynchronizedGroups = (
				19EE33542F1D43EB00C77390 /* xPoie */,
			);
			name = xPoie;
			packageProductDependencies = (
				19EE357F2F1D44A400C77390 /* Infy */,
				19EE35822F1D44B000C77390 /* Llmx */,
				19EE35852F1D44BB00C77390 /* RTex */,
				19EE35882F1D463C00C77390 /* HotKey */,
				1906B1D92F1FE6E70041EEEA /* Alamofire */,
			);
			productName = xPoie;
			productReference = 19EE33522F1D43EB00C77390 /* xPoie.app */;
			productType = "com.apple.product-type.application";
		};
		19EE33602F1D43EE00C77390 /* xPoieTests */ = {
			isa = PBXNativeTarget;
			buildConfigurationList = 19EE33782F1D43EE00C77390 /* Build configuration list for PBXNativeTarget "xPoieTests" */;
			buildPhases = (
				19EE335D2F1D43EE00C77390 /* Sources */,
				19EE335E2F1D43EE00C77390 /* Frameworks */,
				19EE335F2F1D43EE00C77390 /* Resources */,
			);
			buildRules = (
			);
			dependencies = (
				19EE33632F1D43EE00C77390 /* PBXTargetDependency */,
			);
			fileSystemSynchronizedGroups = (
				19EE33642F1D43EE00C77390 /* xPoieTests */,
			);
			name = xPoieTests;
			packageProductDependencies = (
			);
			productName = xPoieTests;
			productReference = 19EE33612F1D43EE00C77390 /* xPoieTests.xctest */;
			productType = "com.apple.product-type.bundle.unit-test";
		};
		19EE336A2F1D43EE00C77390 /* xPoieUITests */ = {
			isa = PBXNativeTarget;
			buildConfigurationList = 19EE337B2F1D43EE00C77390 /* Build configuration list for PBXNativeTarget "xPoieUITests" */;
			buildPhases = (
				19EE33672F1D43EE00C77390 /* Sources */,
				19EE33682F1D43EE00C77390 /* Frameworks */,
				19EE33692F1D43EE00C77390 /* Resources */,
			);
			buildRules = (
			);
			dependencies = (
				19EE336D2F1D43EE00C77390 /* PBXTargetDependency */,
			);
			fileSystemSynchronizedGroups = (
				19EE336E2F1D43EE00C77390 /* xPoieUITests */,
			);
			name = xPoieUITests;
			packageProductDependencies = (
			);
			productName = xPoieUITests;
			productReference = 19EE336B2F1D43EE00C77390 /* xPoieUITests.xctest */;
			productType = "com.apple.product-type.bundle.ui-testing";
		};
/* End PBXNativeTarget section */

/* Begin PBXProject section */
		19EE334A2F1D43EB00C77390 /* Project object */ = {
			isa = PBXProject;
			attributes = {
				BuildIndependentTargetsInParallel = 1;
				LastSwiftUpdateCheck = 2620;
				LastUpgradeCheck = 2620;
				TargetAttributes = {
					19EE33512F1D43EB00C77390 = {
						CreatedOnToolsVersion = 26.2;
					};
					19EE33602F1D43EE00C77390 = {
						CreatedOnToolsVersion = 26.2;
						TestTargetID = 19EE33512F1D43EB00C77390;
					};
					19EE336A2F1D43EE00C77390 = {
						CreatedOnToolsVersion = 26.2;
						TestTargetID = 19EE33512F1D43EB00C77390;
					};
				};
			};
			buildConfigurationList = 19EE334D2F1D43EB00C77390 /* Build configuration list for PBXProject "xPoie" */;
			developmentRegion = en;
			hasScannedForEncodings = 0;
			knownRegions = (
				en,
				Base,
			);
			mainGroup = 19EE33492F1D43EB00C77390;
			minimizedProjectReferenceProxies = 1;
			packageReferences = (
				19EE357E2F1D44A400C77390 /* XCLocalSwiftPackageReference "../Infy" */,
				19EE35812F1D44B000C77390 /* XCLocalSwiftPackageReference "../Llmx" */,
				19EE35842F1D44BB00C77390 /* XCLocalSwiftPackageReference "../RTex" */,
				19EE35872F1D463C00C77390 /* XCRemoteSwiftPackageReference "HotKey" */,
				1906B1D82F1FE6E70041EEEA /* XCRemoteSwiftPackageReference "Alamofire" */,
			);
			preferredProjectObjectVersion = 77;
			productRefGroup = 19EE33532F1D43EB00C77390 /* Products */;
			projectDirPath = "";
			projectRoot = "";
			targets = (
				19EE33512F1D43EB00C77390 /* xPoie */,
				19EE33602F1D43EE00C77390 /* xPoieTests */,
				19EE336A2F1D43EE00C77390 /* xPoieUITests */,
			);
		};
/* End PBXProject section */

/* Begin PBXResourcesBuildPhase section */
		19EE33502F1D43EB00C77390 /* Resources */ = {
			isa = PBXResourcesBuildPhase;
			buildActionMask = 2147483647;
			files = (
				193C7C472F1DD5AD00B1D004 /* README.md in Resources */,
			);
			runOnlyForDeploymentPostprocessing = 0;
		};
		19EE335F2F1D43EE00C77390 /* Resources */ = {
			isa = PBXResourcesBuildPhase;
			buildActionMask = 2147483647;
			files = (
			);
			runOnlyForDeploymentPostprocessing = 0;
		};
		19EE33692F1D43EE00C77390 /* Resources */ = {
			isa = PBXResourcesBuildPhase;
			buildActionMask = 2147483647;
			files = (
			);
			runOnlyForDeploymentPostprocessing = 0;
		};
/* End PBXResourcesBuildPhase section */

/* Begin PBXSourcesBuildPhase section */
		19EE334E2F1D43EB00C77390 /* Sources */ = {
			isa = PBXSourcesBuildPhase;
			buildActionMask = 2147483647;
			files = (
			);
			runOnlyForDeploymentPostprocessing = 0;
		};
		19EE335D2F1D43EE00C77390 /* Sources */ = {
			isa = PBXSourcesBuildPhase;
			buildActionMask = 2147483647;
			files = (
			);
			runOnlyForDeploymentPostprocessing = 0;
		};
		19EE33672F1D43EE00C77390 /* Sources */ = {
			isa = PBXSourcesBuildPhase;
			buildActionMask = 2147483647;
			files = (
			);
			runOnlyForDeploymentPostprocessing = 0;
		};
/* End PBXSourcesBuildPhase section */

/* Begin PBXTargetDependency section */
		19EE33632F1D43EE00C77390 /* PBXTargetDependency */ = {
			isa = PBXTargetDependency;
			target = 19EE33512F1D43EB00C77390 /* xPoie */;
			targetProxy = 19EE33622F1D43EE00C77390 /* PBXContainerItemProxy */;
		};
		19EE336D2F1D43EE00C77390 /* PBXTargetDependency */ = {
			isa = PBXTargetDependency;
			target = 19EE33512F1D43EB00C77390 /* xPoie */;
			targetProxy = 19EE336C2F1D43EE00C77390 /* PBXContainerItemProxy */;
		};
/* End PBXTargetDependency section */

/* Begin XCBuildConfiguration section */
		19EE33732F1D43EE00C77390 /* Debug */ = {
			isa = XCBuildConfiguration;
			buildSettings = {
				ALWAYS_SEARCH_USER_PATHS = NO;
				ASSETCATALOG_COMPILER_GENERATE_SWIFT_ASSET_SYMBOL_EXTENSIONS = YES;
				CLANG_ANALYZER_NONNULL = YES;
				CLANG_ANALYZER_NUMBER_OBJECT_CONVERSION = YES_AGGRESSIVE;
				CLANG_CXX_LANGUAGE_STANDARD = "gnu++20";
				CLANG_ENABLE_MODULES = YES;
				CLANG_ENABLE_OBJC_ARC = YES;
				CLANG_ENABLE_OBJC_WEAK = YES;
				CLANG_WARN_BLOCK_CAPTURE_AUTORELEASING = YES;
				CLANG_WARN_BOOL_CONVERSION = YES;
				CLANG_WARN_COMMA = YES;
				CLANG_WARN_CONSTANT_CONVERSION = YES;
				CLANG_WARN_DEPRECATED_OBJC_IMPLEMENTATIONS = YES;
				CLANG_WARN_DIRECT_OBJC_ISA_USAGE = YES_ERROR;
				CLANG_WARN_DOCUMENTATION_COMMENTS = YES;
				CLANG_WARN_EMPTY_BODY = YES;
				CLANG_WARN_ENUM_CONVERSION = YES;
				CLANG_WARN_INFINITE_RECURSION = YES;
				CLANG_WARN_INT_CONVERSION = YES;
				CLANG_WARN_NON_LITERAL_NULL_CONVERSION = YES;
				CLANG_WARN_OBJC_IMPLICIT_RETAIN_SELF = YES;
				CLANG_WARN_OBJC_LITERAL_CONVERSION = YES;
				CLANG_WARN_OBJC_ROOT_CLASS = YES_ERROR;
				CLANG_WARN_QUOTED_INCLUDE_IN_FRAMEWORK_HEADER = YES;
				CLANG_WARN_RANGE_LOOP_ANALYSIS = YES;
				CLANG_WARN_STRICT_PROTOTYPES = YES;
				CLANG_WARN_SUSPICIOUS_MOVE = YES;
				CLANG_WARN_UNGUARDED_AVAILABILITY = YES_AGGRESSIVE;
				CLANG_WARN_UNREACHABLE_CODE = YES;
				CLANG_WARN__DUPLICATE_METHOD_MATCH = YES;
				COPY_PHASE_STRIP = NO;
				DEBUG_INFORMATION_FORMAT = dwarf;
				DEVELOPMENT_TEAM = XKZ473CFTF;
				ENABLE_STRICT_OBJC_MSGSEND = YES;
				ENABLE_TESTABILITY = YES;
				ENABLE_USER_SCRIPT_SANDBOXING = YES;
				GCC_C_LANGUAGE_STANDARD = gnu17;
				GCC_DYNAMIC_NO_PIC = NO;
				GCC_NO_COMMON_BLOCKS = YES;
				GCC_OPTIMIZATION_LEVEL = 0;
				GCC_PREPROCESSOR_DEFINITIONS = (
					"DEBUG=1",
					"$(inherited)",
				);
				GCC_WARN_64_TO_32_BIT_CONVERSION = YES;
				GCC_WARN_ABOUT_RETURN_TYPE = YES_ERROR;
				GCC_WARN_UNDECLARED_SELECTOR = YES;
				GCC_WARN_UNINITIALIZED_AUTOS = YES_AGGRESSIVE;
				GCC_WARN_UNUSED_FUNCTION = YES;
				GCC_WARN_UNUSED_VARIABLE = YES;
				LOCALIZATION_PREFERS_STRING_CATALOGS = YES;
				MACOSX_DEPLOYMENT_TARGET = 26.2;
				MTL_ENABLE_DEBUG_INFO = INCLUDE_SOURCE;
				MTL_FAST_MATH = YES;
				ONLY_ACTIVE_ARCH = YES;
				SDKROOT = macosx;
				SWIFT_ACTIVE_COMPILATION_CONDITIONS = "DEBUG $(inherited)";
				SWIFT_OPTIMIZATION_LEVEL = "-Onone";
				SWIFT_VERSION = 6.0;
			};
			name = Debug;
		};
		19EE33742F1D43EE00C77390 /* Release */ = {
			isa = XCBuildConfiguration;
			buildSettings = {
				ALWAYS_SEARCH_USER_PATHS = NO;
				ASSETCATALOG_COMPILER_GENERATE_SWIFT_ASSET_SYMBOL_EXTENSIONS = YES;
				CLANG_ANALYZER_NONNULL = YES;
				CLANG_ANALYZER_NUMBER_OBJECT_CONVERSION = YES_AGGRESSIVE;
				CLANG_CXX_LANGUAGE_STANDARD = "gnu++20";
				CLANG_ENABLE_MODULES = YES;
				CLANG_ENABLE_OBJC_ARC = YES;
				CLANG_ENABLE_OBJC_WEAK = YES;
				CLANG_WARN_BLOCK_CAPTURE_AUTORELEASING = YES;
				CLANG_WARN_BOOL_CONVERSION = YES;
				CLANG_WARN_COMMA = YES;
				CLANG_WARN_CONSTANT_CONVERSION = YES;
				CLANG_WARN_DEPRECATED_OBJC_IMPLEMENTATIONS = YES;
				CLANG_WARN_DIRECT_OBJC_ISA_USAGE = YES_ERROR;
				CLANG_WARN_DOCUMENTATION_COMMENTS = YES;
				CLANG_WARN_EMPTY_BODY = YES;
				CLANG_WARN_ENUM_CONVERSION = YES;
				CLANG_WARN_INFINITE_RECURSION = YES;
				CLANG_WARN_INT_CONVERSION = YES;
				CLANG_WARN_NON_LITERAL_NULL_CONVERSION = YES;
				CLANG_WARN_OBJC_IMPLICIT_RETAIN_SELF = YES;
				CLANG_WARN_OBJC_LITERAL_CONVERSION = YES;
				CLANG_WARN_OBJC_ROOT_CLASS = YES_ERROR;
				CLANG_WARN_QUOTED_INCLUDE_IN_FRAMEWORK_HEADER = YES;
				CLANG_WARN_RANGE_LOOP_ANALYSIS = YES;
				CLANG_WARN_STRICT_PROTOTYPES = YES;
				CLANG_WARN_SUSPICIOUS_MOVE = YES;
				CLANG_WARN_UNGUARDED_AVAILABILITY = YES_AGGRESSIVE;
				CLANG_WARN_UNREACHABLE_CODE = YES;
				CLANG_WARN__DUPLICATE_METHOD_MATCH = YES;
				COPY_PHASE_STRIP = NO;
				DEBUG_INFORMATION_FORMAT = "dwarf-with-dsym";
				DEVELOPMENT_TEAM = XKZ473CFTF;
				ENABLE_NS_ASSERTIONS = NO;
				ENABLE_STRICT_OBJC_MSGSEND = YES;
				ENABLE_USER_SCRIPT_SANDBOXING = YES;
				GCC_C_LANGUAGE_STANDARD = gnu17;
				GCC_NO_COMMON_BLOCKS = YES;
				GCC_WARN_64_TO_32_BIT_CONVERSION = YES;
				GCC_WARN_ABOUT_RETURN_TYPE = YES_ERROR;
				GCC_WARN_UNDECLARED_SELECTOR = YES;
				GCC_WARN_UNINITIALIZED_AUTOS = YES_AGGRESSIVE;
				GCC_WARN_UNUSED_FUNCTION = YES;
				GCC_WARN_UNUSED_VARIABLE = YES;
				LOCALIZATION_PREFERS_STRING_CATALOGS = YES;
				MACOSX_DEPLOYMENT_TARGET = 26.2;
				MTL_ENABLE_DEBUG_INFO = NO;
				MTL_FAST_MATH = YES;
				SDKROOT = macosx;
				SWIFT_COMPILATION_MODE = wholemodule;
				SWIFT_VERSION = 6.0;
			};
			name = Release;
		};
		19EE33762F1D43EE00C77390 /* Debug */ = {
			isa = XCBuildConfiguration;
			buildSettings = {
				ASSETCATALOG_COMPILER_APPICON_NAME = AppIcon;
				ASSETCATALOG_COMPILER_GLOBAL_ACCENT_COLOR_NAME = AccentColor;
				CODE_SIGN_ENTITLEMENTS = xPoie/xPoie.entitlements;
				"CODE_SIGN_IDENTITY[sdk=macosx*]" = "Apple Development";
				CODE_SIGN_STYLE = Automatic;
				COMBINE_HIDPI_IMAGES = YES;
				CURRENT_PROJECT_VERSION = 1;
				DEVELOPMENT_TEAM = BFJVBBM7SS;
				ENABLE_APP_SANDBOX = YES;
				ENABLE_HARDENED_RUNTIME = YES;
				ENABLE_INCOMING_NETWORK_CONNECTIONS = NO;
				ENABLE_OUTGOING_NETWORK_CONNECTIONS = YES;
				ENABLE_PREVIEWS = YES;
				ENABLE_RESOURCE_ACCESS_AUDIO_INPUT = NO;
				ENABLE_RESOURCE_ACCESS_BLUETOOTH = NO;
				ENABLE_RESOURCE_ACCESS_CALENDARS = NO;
				ENABLE_RESOURCE_ACCESS_CAMERA = NO;
				ENABLE_RESOURCE_ACCESS_CONTACTS = NO;
				ENABLE_RESOURCE_ACCESS_LOCATION = NO;
				ENABLE_RESOURCE_ACCESS_PRINTING = NO;
				ENABLE_RESOURCE_ACCESS_USB = NO;
				ENABLE_USER_SELECTED_FILES = readonly;
				GENERATE_INFOPLIST_FILE = YES;
				INFOPLIST_KEY_NSHumanReadableCopyright = "";
				LD_RUNPATH_SEARCH_PATHS = (
					"$(inherited)",
					"@executable_path/../Frameworks",
				);
				MARKETING_VERSION = 1.0;
				PRODUCT_BUNDLE_IDENTIFIER = Ars.xPoie;
				PRODUCT_NAME = "$(TARGET_NAME)";
				REGISTER_APP_GROUPS = YES;
				STRING_CATALOG_GENERATE_SYMBOLS = YES;
				SWIFT_APPROACHABLE_CONCURRENCY = YES;
				SWIFT_DEFAULT_ACTOR_ISOLATION = nonisolated;
				SWIFT_EMIT_LOC_STRINGS = YES;
				SWIFT_UPCOMING_FEATURE_MEMBER_IMPORT_VISIBILITY = NO;
				SWIFT_VERSION = 6.0;
			};
			name = Debug;
		};
		19EE33772F1D43EE00C77390 /* Release */ = {
			isa = XCBuildConfiguration;
			buildSettings = {
				ASSETCATALOG_COMPILER_APPICON_NAME = AppIcon;
				ASSETCATALOG_COMPILER_GLOBAL_ACCENT_COLOR_NAME = AccentColor;
				CODE_SIGN_ENTITLEMENTS = xPoie/xPoie.entitlements;
				"CODE_SIGN_IDENTITY[sdk=macosx*]" = "Apple Development";
				CODE_SIGN_STYLE = Automatic;
				COMBINE_HIDPI_IMAGES = YES;
				CURRENT_PROJECT_VERSION = 1;
				DEVELOPMENT_TEAM = BFJVBBM7SS;
				ENABLE_APP_SANDBOX = YES;
				ENABLE_HARDENED_RUNTIME = YES;
				ENABLE_INCOMING_NETWORK_CONNECTIONS = NO;
				ENABLE_OUTGOING_NETWORK_CONNECTIONS = YES;
				ENABLE_PREVIEWS = YES;
				ENABLE_RESOURCE_ACCESS_AUDIO_INPUT = NO;
				ENABLE_RESOURCE_ACCESS_BLUETOOTH = NO;
				ENABLE_RESOURCE_ACCESS_CALENDARS = NO;
				ENABLE_RESOURCE_ACCESS_CAMERA = NO;
				ENABLE_RESOURCE_ACCESS_CONTACTS = NO;
				ENABLE_RESOURCE_ACCESS_LOCATION = NO;
				ENABLE_RESOURCE_ACCESS_PRINTING = NO;
				ENABLE_RESOURCE_ACCESS_USB = NO;
				ENABLE_USER_SELECTED_FILES = readonly;
				GENERATE_INFOPLIST_FILE = YES;
				INFOPLIST_KEY_NSHumanReadableCopyright = "";
				LD_RUNPATH_SEARCH_PATHS = (
					"$(inherited)",
					"@executable_path/../Frameworks",
				);
				MARKETING_VERSION = 1.0;
				PRODUCT_BUNDLE_IDENTIFIER = Ars.xPoie;
				PRODUCT_NAME = "$(TARGET_NAME)";
				REGISTER_APP_GROUPS = YES;
				STRING_CATALOG_GENERATE_SYMBOLS = YES;
				SWIFT_APPROACHABLE_CONCURRENCY = YES;
				SWIFT_DEFAULT_ACTOR_ISOLATION = nonisolated;
				SWIFT_EMIT_LOC_STRINGS = YES;
				SWIFT_UPCOMING_FEATURE_MEMBER_IMPORT_VISIBILITY = NO;
				SWIFT_VERSION = 6.0;
			};
			name = Release;
		};
		19EE33792F1D43EE00C77390 /* Debug */ = {
			isa = XCBuildConfiguration;
			buildSettings = {
				BUNDLE_LOADER = "$(TEST_HOST)";
				CODE_SIGN_STYLE = Automatic;
				CURRENT_PROJECT_VERSION = 1;
				DEVELOPMENT_TEAM = XKZ473CFTF;
				GENERATE_INFOPLIST_FILE = YES;
				MACOSX_DEPLOYMENT_TARGET = 26.2;
				MARKETING_VERSION = 1.0;
				PRODUCT_BUNDLE_IDENTIFIER = Ars.xPoieTests;
				PRODUCT_NAME = "$(TARGET_NAME)";
				STRING_CATALOG_GENERATE_SYMBOLS = NO;
				SWIFT_APPROACHABLE_CONCURRENCY = YES;
				SWIFT_EMIT_LOC_STRINGS = NO;
				SWIFT_UPCOMING_FEATURE_MEMBER_IMPORT_VISIBILITY = YES;
				SWIFT_VERSION = 5.0;
				TEST_HOST = "$(BUILT_PRODUCTS_DIR)/xPoie.app/$(BUNDLE_EXECUTABLE_FOLDER_PATH)/xPoie";
			};
			name = Debug;
		};
		19EE337A2F1D43EE00C77390 /* Release */ = {
			isa = XCBuildConfiguration;
			buildSettings = {
				BUNDLE_LOADER = "$(TEST_HOST)";
				CODE_SIGN_STYLE = Automatic;
				CURRENT_PROJECT_VERSION = 1;
				DEVELOPMENT_TEAM = XKZ473CFTF;
				GENERATE_INFOPLIST_FILE = YES;
				MACOSX_DEPLOYMENT_TARGET = 26.2;
				MARKETING_VERSION = 1.0;
				PRODUCT_BUNDLE_IDENTIFIER = Ars.xPoieTests;
				PRODUCT_NAME = "$(TARGET_NAME)";
				STRING_CATALOG_GENERATE_SYMBOLS = NO;
				SWIFT_APPROACHABLE_CONCURRENCY = YES;
				SWIFT_EMIT_LOC_STRINGS = NO;
				SWIFT_UPCOMING_FEATURE_MEMBER_IMPORT_VISIBILITY = YES;
				SWIFT_VERSION = 5.0;
				TEST_HOST = "$(BUILT_PRODUCTS_DIR)/xPoie.app/$(BUNDLE_EXECUTABLE_FOLDER_PATH)/xPoie";
			};
			name = Release;
		};
		19EE337C2F1D43EE00C77390 /* Debug */ = {
			isa = XCBuildConfiguration;
			buildSettings = {
				CODE_SIGN_STYLE = Automatic;
				CURRENT_PROJECT_VERSION = 1;
				DEVELOPMENT_TEAM = XKZ473CFTF;
				GENERATE_INFOPLIST_FILE = YES;
				MARKETING_VERSION = 1.0;
				PRODUCT_BUNDLE_IDENTIFIER = Ars.xPoieUITests;
				PRODUCT_NAME = "$(TARGET_NAME)";
				STRING_CATALOG_GENERATE_SYMBOLS = NO;
				SWIFT_APPROACHABLE_CONCURRENCY = YES;
				SWIFT_EMIT_LOC_STRINGS = NO;
				SWIFT_UPCOMING_FEATURE_MEMBER_IMPORT_VISIBILITY = YES;
				SWIFT_VERSION = 5.0;
				TEST_TARGET_NAME = xPoie;
			};
			name = Debug;
		};
		19EE337D2F1D43EE00C77390 /* Release */ = {
			isa = XCBuildConfiguration;
			buildSettings = {
				CODE_SIGN_STYLE = Automatic;
				CURRENT_PROJECT_VERSION = 1;
				DEVELOPMENT_TEAM = XKZ473CFTF;
				GENERATE_INFOPLIST_FILE = YES;
				MARKETING_VERSION = 1.0;
				PRODUCT_BUNDLE_IDENTIFIER = Ars.xPoieUITests;
				PRODUCT_NAME = "$(TARGET_NAME)";
				STRING_CATALOG_GENERATE_SYMBOLS = NO;
				SWIFT_APPROACHABLE_CONCURRENCY = YES;
				SWIFT_EMIT_LOC_STRINGS = NO;
				SWIFT_UPCOMING_FEATURE_MEMBER_IMPORT_VISIBILITY = YES;
				SWIFT_VERSION = 5.0;
				TEST_TARGET_NAME = xPoie;
			};
			name = Release;
		};
/* End XCBuildConfiguration section */

/* Begin XCConfigurationList section */
		19EE334D2F1D43EB00C77390 /* Build configuration list for PBXProject "xPoie" */ = {
			isa = XCConfigurationList;
			buildConfigurations = (
				19EE33732F1D43EE00C77390 /* Debug */,
				19EE33742F1D43EE00C77390 /* Release */,
			);
			defaultConfigurationIsVisible = 0;
			defaultConfigurationName = Release;
		};
		19EE33752F1D43EE00C77390 /* Build configuration list for PBXNativeTarget "xPoie" */ = {
			isa = XCConfigurationList;
			buildConfigurations = (
				19EE33762F1D43EE00C77390 /* Debug */,
				19EE33772F1D43EE00C77390 /* Release */,
			);
			defaultConfigurationIsVisible = 0;
			defaultConfigurationName = Release;
		};
		19EE33782F1D43EE00C77390 /* Build configuration list for PBXNativeTarget "xPoieTests" */ = {
			isa = XCConfigurationList;
			buildConfigurations = (
				19EE33792F1D43EE00C77390 /* Debug */,
				19EE337A2F1D43EE00C77390 /* Release */,
			);
			defaultConfigurationIsVisible = 0;
			defaultConfigurationName = Release;
		};
		19EE337B2F1D43EE00C77390 /* Build configuration list for PBXNativeTarget "xPoieUITests" */ = {
			isa = XCConfigurationList;
			buildConfigurations = (
				19EE337C2F1D43EE00C77390 /* Debug */,
				19EE337D2F1D43EE00C77390 /* Release */,
			);
			defaultConfigurationIsVisible = 0;
			defaultConfigurationName = Release;
		};
/* End XCConfigurationList section */

/* Begin XCLocalSwiftPackageReference section */
		19EE357E2F1D44A400C77390 /* XCLocalSwiftPackageReference "../Infy" */ = {
			isa = XCLocalSwiftPackageReference;
			relativePath = ../Infy;
		};
		19EE35812F1D44B000C77390 /* XCLocalSwiftPackageReference "../Llmx" */ = {
			isa = XCLocalSwiftPackageReference;
			relativePath = ../Llmx;
		};
		19EE35842F1D44BB00C77390 /* XCLocalSwiftPackageReference "../RTex" */ = {
			isa = XCLocalSwiftPackageReference;
			relativePath = ../RTex;
		};
/* End XCLocalSwiftPackageReference section */

/* Begin XCRemoteSwiftPackageReference section */
		1906B1D82F1FE6E70041EEEA /* XCRemoteSwiftPackageReference "Alamofire" */ = {
			isa = XCRemoteSwiftPackageReference;
			repositoryURL = "https://github.com/Alamofire/Alamofire.git";
			requirement = {
				kind = upToNextMajorVersion;
				minimumVersion = 5.11.0;
			};
		};
		19EE35872F1D463C00C77390 /* XCRemoteSwiftPackageReference "HotKey" */ = {
			isa = XCRemoteSwiftPackageReference;
			repositoryURL = "https://github.com/soffes/HotKey";
			requirement = {
				branch = main;
				kind = branch;
			};
		};
/* End XCRemoteSwiftPackageReference section */

/* Begin XCSwiftPackageProductDependency section */
		1906B1D92F1FE6E70041EEEA /* Alamofire */ = {
			isa = XCSwiftPackageProductDependency;
			package = 1906B1D82F1FE6E70041EEEA /* XCRemoteSwiftPackageReference "Alamofire" */;
			productName = Alamofire;
		};
		19EE357F2F1D44A400C77390 /* Infy */ = {
			isa = XCSwiftPackageProductDependency;
			productName = Infy;
		};
		19EE35822F1D44B000C77390 /* Llmx */ = {
			isa = XCSwiftPackageProductDependency;
			productName = Llmx;
		};
		19EE35852F1D44BB00C77390 /* RTex */ = {
			isa = XCSwiftPackageProductDependency;
			productName = RTex;
		};
		19EE35882F1D463C00C77390 /* HotKey */ = {
			isa = XCSwiftPackageProductDependency;
			package = 19EE35872F1D463C00C77390 /* XCRemoteSwiftPackageReference "HotKey" */;
			productName = HotKey;
		};
/* End XCSwiftPackageProductDependency section */
	};
	rootObject = 19EE334A2F1D43EB00C77390 /* Project object */;
}
